{
  "lockfileVersion": 1,
  "configVersion": 1,
  "workspaces": {
    "": {
      "dependencies": {
        "@ai-sdk/deepseek": "^2.0.29",
        "@ai-sdk/google": "^3.0.64",
        "@ai-sdk/groq": "^3.0.35",
        "@ai-sdk/openai": "^3.0.53",
        "@ai-sdk/openai-compatible": "^2.0.41",
      },
    },
  },
  "packages": {
    "@ai-sdk/deepseek": ["@ai-sdk/deepseek@2.0.29", "", { "dependencies": { "@ai-sdk/provider": "3.0.8", "@ai-sdk/provider-utils": "4.0.23" }, "peerDependencies": { "zod": "^3.25.76 || ^4.1.8" } }, "sha512-cn4+xV0menm/4JKEDElnVGiUilHvi6AD4ZK/sY7DXP/Wb7Yb3Vr86NyYM6mGBE/Shk3mWHoHbzggVnF5x0uMEA=="],

    "@ai-sdk/google": ["@ai-sdk/google@3.0.64", "", { "dependencies": { "@ai-sdk/provider": "3.0.8", "@ai-sdk/provider-utils": "4.0.23" }, "peerDependencies": { "zod": "^3.25.76 || ^4.1.8" } }, "sha512-CbR82EgGPNrj/6q0HtclwuCqe0/pDShyv3nWDP/A9DroujzWXnLMlUJVrgPOsg4b40zQCwwVs2XSKCxvt/4QaA=="],

    "@ai-sdk/groq": ["@ai-sdk/groq@3.0.35", "", { "dependencies": { "@ai-sdk/provider": "3.0.8", "@ai-sdk/provider-utils": "4.0.23" }, "peerDependencies": { "zod": "^3.25.76 || ^4.1.8" } }, "sha512-LXoPwSKaqXst9LyLN2J7gK8n7RldQLbP2zsnBYxXcOsXKrtceksqtbsmGXujvab2TM9FisquAw/ZG2hTbD5vnQ=="],

    "@ai-sdk/openai": ["@ai-sdk/openai@3.0.53", "", { "dependencies": { "@ai-sdk/provider": "3.0.8", "@ai-sdk/provider-utils": "4.0.23" }, "peerDependencies": { "zod": "^3.25.76 || ^4.1.8" } }, "sha512-Wld+Rbc05KaUn08uBt06eEuwcgalcIFtIl32Yp+GxuZXUQwOb6YeAuq+C6da4ch6BurFoqEaLemJVwjBb7x+PQ=="],

    "@ai-sdk/openai-compatible": ["@ai-sdk/openai-compatible@2.0.41", "", { "dependencies": { "@ai-sdk/provider": "3.0.8", "@ai-sdk/provider-utils": "4.0.23" }, "peerDependencies": { "zod": "^3.25.76 || ^4.1.8" } }, "sha512-kNAGINk71AlOXx10Dq/PXw4t/9XjdK8uxfpVElRwtSFMdeSiLVt58p9TPx4/FJD+hxZuVhvxYj9r42osxWq79g=="],

    "@ai-sdk/provider": ["@ai-sdk/provider@3.0.8", "", { "dependencies": { "json-schema": "^0.4.0" } }, "sha512-oGMAgGoQdBXbZqNG0Ze56CHjDZ1IDYOwGYxYjO5KLSlz5HiNQ9udIXsPZ61VWaHGZ5XW/jyjmr6t2xz2jGVwbQ=="],

    "@ai-sdk/provider-utils": ["@ai-sdk/provider-utils@4.0.23", "", { "dependencies": { "@ai-sdk/provider": "3.0.8", "@standard-schema/spec": "^1.1.0", "eventsource-parser": "^3.0.6" }, "peerDependencies": { "zod": "^3.25.76 || ^4.1.8" } }, "sha512-z8GlDaCmRSDlqkMF2f4/RFgWxdarvIbyuk+m6WXT1LYgsnGiXRJGTD2Z1+SDl3LqtFuRtGX1aghYvQLoHL/9pg=="],

    "@standard-schema/spec": ["@standard-schema/spec@1.1.0", "", {}, "sha512-l2aFy5jALhniG5HgqrD6jXLi/rUWrKvqN/qJx6yoJsgKhblVd+iqqU4RCXavm/jPityDo5TCvKMnpjKnOriy0w=="],

    "eventsource-parser": ["eventsource-parser@3.0.8", "", {}, "sha512-70QWGkr4snxr0OXLRWsFLeRBIRPuQOvt4s8QYjmUlmlkyTZkRqS7EDVRZtzU3TiyDbXSzaOeF0XUKy8PchzukQ=="],

    "json-schema": ["json-schema@0.4.0", "", {}, "sha512-es94M3nTIfsEPisRafak+HDLfHXnKBhV3vU5eqPcS3flIWqcxJWgXHXiey3YrpaNsanY5ei1VoYEbOzijuq9BA=="],

    "zod": ["zod@4.3.6", "", {}, "sha512-rftlrkhHZOcjDwkGlnUtZZkvaPHCsDATp4pGpuOOMDaTdDDXF91wuVDJoWoPsKX/3YPQ5fHuF3STjcYyKr+Qhg=="],
  }
}
